{
  "name": "dosycrypt",
  "version": "1.0.4",
  "lockfileVersion": 1,
  "requires": true,
  "dependencies": {
    "base-64": {
      "version": "0.1.0",
      "resolved": "https://registry.npmjs.org/base-64/-/base-64-0.1.0.tgz",
      "integrity": "sha1-eAqZyE59YAJgNhURxId2E78k9rs=",
      "dev": true
    },
    "dosybytes": {
      "version": "1.0.1",
      "resolved": "https://registry.npmjs.org/dosybytes/-/dosybytes-1.0.1.tgz",
      "integrity": "sha1-JwO/X6fPlugrSurRtM1Zh6IYaZY=",
      "requires": {
        "utf8str": "1.0.2"
      }
    },
    "dosyrng": {
      "version": "1.0.3",
      "resolved": "https://registry.npmjs.org/dosyrng/-/dosyrng-1.0.3.tgz",
      "integrity": "sha1-7LwYQpJL2eUwHtbc2aOta6QPkro="
    },
    "utf8str": {
      "version": "1.0.2",
      "resolved": "https://registry.npmjs.org/utf8str/-/utf8str-1.0.2.tgz",
      "integrity": "sha1-rmqPorgNaTMhKRSJD27V7lfE17g="
    }
  }
}
